
Microsoft Visual Studio Solution File, Format Version 12.00
# Visual Studio 15
VisualStudioVersion = 15.0.28307.1267
MinimumVisualStudioVersion = 10.0.40219.1
Project("{FAE04EC0-301F-11D3-BF4B-00C04F79EFBC}") = "GigHub1", "GigHub1\GigHub1.csproj", "{10DD231C-DE09-42BC-99EB-E8BB3E9D6367}"
EndProject
Global
	GlobalSection(SolutionConfigurationPlatforms) = preSolution
		Debug|Any CPU = Debug|Any CPU
		Release|Any CPU = Release|Any CPU
	EndGlobalSection
	GlobalSection(ProjectConfigurationPlatforms) = postSolution
		{10DD231C-DE09-42BC-99EB-E8BB3E9D6367}.Debug|Any CPU.ActiveCfg = Debug|Any CPU
		{10DD231C-DE09-42BC-99EB-E8BB3E9D6367}.Debug|Any CPU.Build.0 = Debug|Any CPU
		{10DD231C-DE09-42BC-99EB-E8BB3E9D6367}.Release|Any CPU.ActiveCfg = Release|Any CPU
		{10DD231C-DE09-42BC-99EB-E8BB3E9D6367}.Release|Any CPU.Build.0 = Release|Any CPU
	EndGlobalSection
	GlobalSection(SolutionProperties) = preSolution
		HideSolutionNode = FALSE
	EndGlobalSection
	GlobalSection(ExtensibilityGlobals) = postSolution
		SolutionGuid = {5B371F46-DBE7-46B7-8633-C714F7536114}
	EndGlobalSection
EndGlobal
